
Microsoft Visual Studio Solution File, Format Version 12.00
# Visual Studio 14
VisualStudioVersion = 14.0.25420.1
MinimumVisualStudioVersion = 10.0.40219.1
Project("{FAE04EC0-301F-11D3-BF4B-00C04F79EFBC}") = "LaudoImagem.Mobile", "LaudoImagem.Mobile\LaudoImagem.Mobile\LaudoImagem.Mobile.csproj", "{9FD0564A-5964-4E8C-903C-4BAAE568FC39}"
EndProject
Project("{FAE04EC0-301F-11D3-BF4B-00C04F79EFBC}") = "LaudoImagem.Mobile.Droid", "LaudoImagem.Mobile\LaudoImagem.Mobile.Droid\LaudoImagem.Mobile.Droid.csproj", "{E2275220-7CEA-469A-AB00-AC7BF24D9B42}"
EndProject
Project("{FAE04EC0-301F-11D3-BF4B-00C04F79EFBC}") = "LaudoImagem.Mobile.iOS", "LaudoImagem.Mobile\LaudoImagem.Mobile.iOS\LaudoImagem.Mobile.iOS.csproj", "{B528F292-C2FF-4089-84F2-A1AC2FA34782}"
EndProject
Project("{FAE04EC0-301F-11D3-BF4B-00C04F79EFBC}") = "LaudoImagem.Mobile.WinPhone", "LaudoImagem.Mobile\LaudoImagem.Mobile.WinPhone\LaudoImagem.Mobile.WinPhone.csproj", "{0604D1DC-CB3A-4859-B099-F3CEF42AA538}"
EndProject
Project("{FAE04EC0-301F-11D3-BF4B-00C04F79EFBC}") = "LaudoImagem.Mobile.UWP", "LaudoImagem.Mobile\LaudoImagem.Mobile.UWP\LaudoImagem.Mobile.UWP.csproj", "{6A232C90-AAEA-4AC2-BF76-ADDBEC1DAB5B}"
EndProject
Project("{FAE04EC0-301F-11D3-BF4B-00C04F79EFBC}") = "LaudoImagem.Mobile.Windows", "LaudoImagem.Mobile\LaudoImagem.Mobile.Windows\LaudoImagem.Mobile.Windows.csproj", "{B917A4AA-2270-4C02-B307-4ED504EA9D54}"
EndProject
Global
	GlobalSection(SolutionConfigurationPlatforms) = preSolution
		Ad-Hoc|Any CPU = Ad-Hoc|Any CPU
		Ad-Hoc|ARM = Ad-Hoc|ARM
		Ad-Hoc|iPhone = Ad-Hoc|iPhone
		Ad-Hoc|iPhoneSimulator = Ad-Hoc|iPhoneSimulator
		Ad-Hoc|x64 = Ad-Hoc|x64
		Ad-Hoc|x86 = Ad-Hoc|x86
		AppStore|Any CPU = AppStore|Any CPU
		AppStore|ARM = AppStore|ARM
		AppStore|iPhone = AppStore|iPhone
		AppStore|iPhoneSimulator = AppStore|iPhoneSimulator
		AppStore|x64 = AppStore|x64
		AppStore|x86 = AppStore|x86
		Debug|Any CPU = Debug|Any CPU
		Debug|ARM = Debug|ARM
		Debug|iPhone = Debug|iPhone
		Debug|iPhoneSimulator = Debug|iPhoneSimulator
		Debug|x64 = Debug|x64
		Debug|x86 = Debug|x86
		Release|Any CPU = Release|Any CPU
		Release|ARM = Release|ARM
		Release|iPhone = Release|iPhone
		Release|iPhoneSimulator = Release|iPhoneSimulator
		Release|x64 = Release|x64
		Release|x86 = Release|x86
	EndGlobalSection
	GlobalSection(ProjectConfigurationPlatforms) = postSolution
		{9FD0564A-5964-4E8C-903C-4BAAE568FC39}.Ad-Hoc|Any CPU.ActiveCfg = Release|Any CPU
		{9FD0564A-5964-4E8C-903C-4BAAE568FC39}.Ad-Hoc|Any CPU.Build.0 = Release|Any CPU
		{9FD0564A-5964-4E8C-903C-4BAAE568FC39}.Ad-Hoc|ARM.ActiveCfg = Release|Any CPU
		{9FD0564A-5964-4E8C-903C-4BAAE568FC39}.Ad-Hoc|ARM.Build.0 = Release|Any CPU
		{9FD0564A-5964-4E8C-903C-4BAAE568FC39}.Ad-Hoc|iPhone.ActiveCfg = Release|Any CPU
		{9FD0564A-5964-4E8C-903C-4BAAE568FC39}.Ad-Hoc|iPhone.Build.0 = Release|Any CPU
		{9FD0564A-5964-4E8C-903C-4BAAE568FC39}.Ad-Hoc|iPhoneSimulator.ActiveCfg = Release|Any CPU
		{9FD0564A-5964-4E8C-903C-4BAAE568FC39}.Ad-Hoc|iPhoneSimulator.Build.0 = Release|Any CPU
		{9FD0564A-5964-4E8C-903C-4BAAE568FC39}.Ad-Hoc|x64.ActiveCfg = Release|Any CPU
		{9FD0564A-5964-4E8C-903C-4BAAE568FC39}.Ad-Hoc|x64.Build.0 = Release|Any CPU
		{9FD0564A-5964-4E8C-903C-4BAAE568FC39}.Ad-Hoc|x86.ActiveCfg = Release|Any CPU
		{9FD0564A-5964-4E8C-903C-4BAAE568FC39}.Ad-Hoc|x86.Build.0 = Release|Any CPU
		{9FD0564A-5964-4E8C-903C-4BAAE568FC39}.AppStore|Any CPU.ActiveCfg = Release|Any CPU
		{9FD0564A-5964-4E8C-903C-4BAAE568FC39}.AppStore|Any CPU.Build.0 = Release|Any CPU
		{9FD0564A-5964-4E8C-903C-4BAAE568FC39}.AppStore|ARM.ActiveCfg = Release|Any CPU
		{9FD0564A-5964-4E8C-903C-4BAAE568FC39}.AppStore|ARM.Build.0 = Release|Any CPU
		{9FD0564A-5964-4E8C-903C-4BAAE568FC39}.AppStore|iPhone.ActiveCfg = Release|Any CPU
		{9FD0564A-5964-4E8C-903C-4BAAE568FC39}.AppStore|iPhone.Build.0 = Release|Any CPU
		{9FD0564A-5964-4E8C-903C-4BAAE568FC39}.AppStore|iPhoneSimulator.ActiveCfg = Release|Any CPU
		{9FD0564A-5964-4E8C-903C-4BAAE568FC39}.AppStore|iPhoneSimulator.Build.0 = Release|Any CPU
		{9FD0564A-5964-4E8C-903C-4BAAE568FC39}.AppStore|x64.ActiveCfg = Release|Any CPU
		{9FD0564A-5964-4E8C-903C-4BAAE568FC39}.AppStore|x64.Build.0 = Release|Any CPU
		{9FD0564A-5964-4E8C-903C-4BAAE568FC39}.AppStore|x86.ActiveCfg = Release|Any CPU
		{9FD0564A-5964-4E8C-903C-4BAAE568FC39}.AppStore|x86.Build.0 = Release|Any CPU
		{9FD0564A-5964-4E8C-903C-4BAAE568FC39}.Debug|Any CPU.ActiveCfg = Debug|Any CPU
		{9FD0564A-5964-4E8C-903C-4BAAE568FC39}.Debug|Any CPU.Build.0 = Debug|Any CPU
		{9FD0564A-5964-4E8C-903C-4BAAE568FC39}.Debug|ARM.ActiveCfg = Debug|Any CPU
		{9FD0564A-5964-4E8C-903C-4BAAE568FC39}.Debug|ARM.Build.0 = Debug|Any CPU
		{9FD0564A-5964-4E8C-903C-4BAAE568FC39}.Debug|iPhone.ActiveCfg = Debug|Any CPU
		{9FD0564A-5964-4E8C-903C-4BAAE568FC39}.Debug|iPhone.Build.0 = Debug|Any CPU
		{9FD0564A-5964-4E8C-903C-4BAAE568FC39}.Debug|iPhoneSimulator.ActiveCfg = Debug|Any CPU
		{9FD0564A-5964-4E8C-903C-4BAAE568FC39}.Debug|iPhoneSimulator.Build.0 = Debug|Any CPU
		{9FD0564A-5964-4E8C-903C-4BAAE568FC39}.Debug|iPhoneSimulator.Deploy.0 = Debug|Any CPU
		{9FD0564A-5964-4E8C-903C-4BAAE568FC39}.Debug|x64.ActiveCfg = Debug|Any CPU
		{9FD0564A-5964-4E8C-903C-4BAAE568FC39}.Debug|x64.Build.0 = Debug|Any CPU
		{9FD0564A-5964-4E8C-903C-4BAAE568FC39}.Debug|x86.ActiveCfg = Debug|Any CPU
		{9FD0564A-5964-4E8C-903C-4BAAE568FC39}.Debug|x86.Build.0 = Debug|Any CPU
		{9FD0564A-5964-4E8C-903C-4BAAE568FC39}.Release|Any CPU.ActiveCfg = Release|Any CPU
		{9FD0564A-5964-4E8C-903C-4BAAE568FC39}.Release|Any CPU.Build.0 = Release|Any CPU
		{9FD0564A-5964-4E8C-903C-4BAAE568FC39}.Release|ARM.ActiveCfg = Release|Any CPU
		{9FD0564A-5964-4E8C-903C-4BAAE568FC39}.Release|ARM.Build.0 = Release|Any CPU
		{9FD0564A-5964-4E8C-903C-4BAAE568FC39}.Release|iPhone.ActiveCfg = Release|Any CPU
		{9FD0564A-5964-4E8C-903C-4BAAE568FC39}.Release|iPhone.Build.0 = Release|Any CPU
		{9FD0564A-5964-4E8C-903C-4BAAE568FC39}.Release|iPhoneSimulator.ActiveCfg = Release|Any CPU
		{9FD0564A-5964-4E8C-903C-4BAAE568FC39}.Release|iPhoneSimulator.Build.0 = Release|Any CPU
		{9FD0564A-5964-4E8C-903C-4BAAE568FC39}.Release|x64.ActiveCfg = Release|Any CPU
		{9FD0564A-5964-4E8C-903C-4BAAE568FC39}.Release|x64.Build.0 = Release|Any CPU
		{9FD0564A-5964-4E8C-903C-4BAAE568FC39}.Release|x86.ActiveCfg = Release|Any CPU
		{9FD0564A-5964-4E8C-903C-4BAAE568FC39}.Release|x86.Build.0 = Release|Any CPU
		{E2275220-7CEA-469A-AB00-AC7BF24D9B42}.Ad-Hoc|Any CPU.ActiveCfg = Release|Any CPU
		{E2275220-7CEA-469A-AB00-AC7BF24D9B42}.Ad-Hoc|Any CPU.Build.0 = Release|Any CPU
		{E2275220-7CEA-469A-AB00-AC7BF24D9B42}.Ad-Hoc|Any CPU.Deploy.0 = Release|Any CPU
		{E2275220-7CEA-469A-AB00-AC7BF24D9B42}.Ad-Hoc|ARM.ActiveCfg = Release|Any CPU
		{E2275220-7CEA-469A-AB00-AC7BF24D9B42}.Ad-Hoc|ARM.Build.0 = Release|Any CPU
		{E2275220-7CEA-469A-AB00-AC7BF24D9B42}.Ad-Hoc|ARM.Deploy.0 = Release|Any CPU
		{E2275220-7CEA-469A-AB00-AC7BF24D9B42}.Ad-Hoc|iPhone.ActiveCfg = Release|Any CPU
		{E2275220-7CEA-469A-AB00-AC7BF24D9B42}.Ad-Hoc|iPhone.Build.0 = Release|Any CPU
		{E2275220-7CEA-469A-AB00-AC7BF24D9B42}.Ad-Hoc|iPhone.Deploy.0 = Release|Any CPU
		{E2275220-7CEA-469A-AB00-AC7BF24D9B42}.Ad-Hoc|iPhoneSimulator.ActiveCfg = Release|Any CPU
		{E2275220-7CEA-469A-AB00-AC7BF24D9B42}.Ad-Hoc|iPhoneSimulator.Build.0 = Release|Any CPU
		{E2275220-7CEA-469A-AB00-AC7BF24D9B42}.Ad-Hoc|iPhoneSimulator.Deploy.0 = Release|Any CPU
		{E2275220-7CEA-469A-AB00-AC7BF24D9B42}.Ad-Hoc|x64.ActiveCfg = Release|Any CPU
		{E2275220-7CEA-469A-AB00-AC7BF24D9B42}.Ad-Hoc|x64.Build.0 = Release|Any CPU
		{E2275220-7CEA-469A-AB00-AC7BF24D9B42}.Ad-Hoc|x64.Deploy.0 = Release|Any CPU
		{E2275220-7CEA-469A-AB00-AC7BF24D9B42}.Ad-Hoc|x86.ActiveCfg = Release|Any CPU
		{E2275220-7CEA-469A-AB00-AC7BF24D9B42}.Ad-Hoc|x86.Build.0 = Release|Any CPU
		{E2275220-7CEA-469A-AB00-AC7BF24D9B42}.Ad-Hoc|x86.Deploy.0 = Release|Any CPU
		{E2275220-7CEA-469A-AB00-AC7BF24D9B42}.AppStore|Any CPU.ActiveCfg = Release|Any CPU
		{E2275220-7CEA-469A-AB00-AC7BF24D9B42}.AppStore|Any CPU.Build.0 = Release|Any CPU
		{E2275220-7CEA-469A-AB00-AC7BF24D9B42}.AppStore|Any CPU.Deploy.0 = Release|Any CPU
		{E2275220-7CEA-469A-AB00-AC7BF24D9B42}.AppStore|ARM.ActiveCfg = Release|Any CPU
		{E2275220-7CEA-469A-AB00-AC7BF24D9B42}.AppStore|ARM.Build.0 = Release|Any CPU
		{E2275220-7CEA-469A-AB00-AC7BF24D9B42}.AppStore|ARM.Deploy.0 = Release|Any CPU
		{E2275220-7CEA-469A-AB00-AC7BF24D9B42}.AppStore|iPhone.ActiveCfg = Release|Any CPU
		{E2275220-7CEA-469A-AB00-AC7BF24D9B42}.AppStore|iPhone.Build.0 = Release|Any CPU
		{E2275220-7CEA-469A-AB00-AC7BF24D9B42}.AppStore|iPhone.Deploy.0 = Release|Any CPU
		{E2275220-7CEA-469A-AB00-AC7BF24D9B42}.AppStore|iPhoneSimulator.ActiveCfg = Release|Any CPU
		{E2275220-7CEA-469A-AB00-AC7BF24D9B42}.AppStore|iPhoneSimulator.Build.0 = Release|Any CPU
		{E2275220-7CEA-469A-AB00-AC7BF24D9B42}.AppStore|iPhoneSimulator.Deploy.0 = Release|Any CPU
		{E2275220-7CEA-469A-AB00-AC7BF24D9B42}.AppStore|x64.ActiveCfg = Release|Any CPU
		{E2275220-7CEA-469A-AB00-AC7BF24D9B42}.AppStore|x64.Build.0 = Release|Any CPU
		{E2275220-7CEA-469A-AB00-AC7BF24D9B42}.AppStore|x64.Deploy.0 = Release|Any CPU
		{E2275220-7CEA-469A-AB00-AC7BF24D9B42}.AppStore|x86.ActiveCfg = Release|Any CPU
		{E2275220-7CEA-469A-AB00-AC7BF24D9B42}.AppStore|x86.Build.0 = Release|Any CPU
		{E2275220-7CEA-469A-AB00-AC7BF24D9B42}.AppStore|x86.Deploy.0 = Release|Any CPU
		{E2275220-7CEA-469A-AB00-AC7BF24D9B42}.Debug|Any CPU.ActiveCfg = Debug|Any CPU
		{E2275220-7CEA-469A-AB00-AC7BF24D9B42}.Debug|Any CPU.Build.0 = Debug|Any CPU
		{E2275220-7CEA-469A-AB00-AC7BF24D9B42}.Debug|Any CPU.Deploy.0 = Debug|Any CPU
		{E2275220-7CEA-469A-AB00-AC7BF24D9B42}.Debug|ARM.ActiveCfg = Debug|Any CPU
		{E2275220-7CEA-469A-AB00-AC7BF24D9B42}.Debug|ARM.Build.0 = Debug|Any CPU
		{E2275220-7CEA-469A-AB00-AC7BF24D9B42}.Debug|ARM.Deploy.0 = Debug|Any CPU
		{E2275220-7CEA-469A-AB00-AC7BF24D9B42}.Debug|iPhone.ActiveCfg = Debug|Any CPU
		{E2275220-7CEA-469A-AB00-AC7BF24D9B42}.Debug|iPhoneSimulator.ActiveCfg = Debug|Any CPU
		{E2275220-7CEA-469A-AB00-AC7BF24D9B42}.Debug|x64.ActiveCfg = Debug|Any CPU
		{E2275220-7CEA-469A-AB00-AC7BF24D9B42}.Debug|x86.ActiveCfg = Debug|Any CPU
		{E2275220-7CEA-469A-AB00-AC7BF24D9B42}.Release|Any CPU.ActiveCfg = Release|Any CPU
		{E2275220-7CEA-469A-AB00-AC7BF24D9B42}.Release|Any CPU.Build.0 = Release|Any CPU
		{E2275220-7CEA-469A-AB00-AC7BF24D9B42}.Release|Any CPU.Deploy.0 = Release|Any CPU
		{E2275220-7CEA-469A-AB00-AC7BF24D9B42}.Release|ARM.ActiveCfg = Release|Any CPU
		{E2275220-7CEA-469A-AB00-AC7BF24D9B42}.Release|ARM.Build.0 = Release|Any CPU
		{E2275220-7CEA-469A-AB00-AC7BF24D9B42}.Release|ARM.Deploy.0 = Release|Any CPU
		{E2275220-7CEA-469A-AB00-AC7BF24D9B42}.Release|iPhone.ActiveCfg = Release|Any CPU
		{E2275220-7CEA-469A-AB00-AC7BF24D9B42}.Release|iPhone.Build.0 = Release|Any CPU
		{E2275220-7CEA-469A-AB00-AC7BF24D9B42}.Release|iPhone.Deploy.0 = Release|Any CPU
		{E2275220-7CEA-469A-AB00-AC7BF24D9B42}.Release|iPhoneSimulator.ActiveCfg = Release|Any CPU
		{E2275220-7CEA-469A-AB00-AC7BF24D9B42}.Release|iPhoneSimulator.Build.0 = Release|Any CPU
		{E2275220-7CEA-469A-AB00-AC7BF24D9B42}.Release|iPhoneSimulator.Deploy.0 = Release|Any CPU
		{E2275220-7CEA-469A-AB00-AC7BF24D9B42}.Release|x64.ActiveCfg = Release|Any CPU
		{E2275220-7CEA-469A-AB00-AC7BF24D9B42}.Release|x64.Build.0 = Release|Any CPU
		{E2275220-7CEA-469A-AB00-AC7BF24D9B42}.Release|x64.Deploy.0 = Release|Any CPU
		{E2275220-7CEA-469A-AB00-AC7BF24D9B42}.Release|x86.ActiveCfg = Release|Any CPU
		{E2275220-7CEA-469A-AB00-AC7BF24D9B42}.Release|x86.Build.0 = Release|Any CPU
		{E2275220-7CEA-469A-AB00-AC7BF24D9B42}.Release|x86.Deploy.0 = Release|Any CPU
		{B528F292-C2FF-4089-84F2-A1AC2FA34782}.Ad-Hoc|Any CPU.ActiveCfg = Ad-Hoc|iPhone
		{B528F292-C2FF-4089-84F2-A1AC2FA34782}.Ad-Hoc|ARM.ActiveCfg = Ad-Hoc|iPhone
		{B528F292-C2FF-4089-84F2-A1AC2FA34782}.Ad-Hoc|iPhone.ActiveCfg = Ad-Hoc|iPhone
		{B528F292-C2FF-4089-84F2-A1AC2FA34782}.Ad-Hoc|iPhone.Build.0 = Ad-Hoc|iPhone
		{B528F292-C2FF-4089-84F2-A1AC2FA34782}.Ad-Hoc|iPhoneSimulator.ActiveCfg = Ad-Hoc|iPhoneSimulator
		{B528F292-C2FF-4089-84F2-A1AC2FA34782}.Ad-Hoc|iPhoneSimulator.Build.0 = Ad-Hoc|iPhoneSimulator
		{B528F292-C2FF-4089-84F2-A1AC2FA34782}.Ad-Hoc|x64.ActiveCfg = Ad-Hoc|iPhone
		{B528F292-C2FF-4089-84F2-A1AC2FA34782}.Ad-Hoc|x86.ActiveCfg = Ad-Hoc|iPhone
		{B528F292-C2FF-4089-84F2-A1AC2FA34782}.AppStore|Any CPU.ActiveCfg = AppStore|iPhone
		{B528F292-C2FF-4089-84F2-A1AC2FA34782}.AppStore|ARM.ActiveCfg = AppStore|iPhone
		{B528F292-C2FF-4089-84F2-A1AC2FA34782}.AppStore|iPhone.ActiveCfg = AppStore|iPhone
		{B528F292-C2FF-4089-84F2-A1AC2FA34782}.AppStore|iPhone.Build.0 = AppStore|iPhone
		{B528F292-C2FF-4089-84F2-A1AC2FA34782}.AppStore|iPhoneSimulator.ActiveCfg = AppStore|iPhoneSimulator
		{B528F292-C2FF-4089-84F2-A1AC2FA34782}.AppStore|iPhoneSimulator.Build.0 = AppStore|iPhoneSimulator
		{B528F292-C2FF-4089-84F2-A1AC2FA34782}.AppStore|x64.ActiveCfg = AppStore|iPhone
		{B528F292-C2FF-4089-84F2-A1AC2FA34782}.AppStore|x86.ActiveCfg = AppStore|iPhone
		{B528F292-C2FF-4089-84F2-A1AC2FA34782}.Debug|Any CPU.ActiveCfg = Debug|iPhone
		{B528F292-C2FF-4089-84F2-A1AC2FA34782}.Debug|ARM.ActiveCfg = Debug|iPhone
		{B528F292-C2FF-4089-84F2-A1AC2FA34782}.Debug|iPhone.ActiveCfg = Debug|iPhone
		{B528F292-C2FF-4089-84F2-A1AC2FA34782}.Debug|iPhone.Build.0 = Debug|iPhone
		{B528F292-C2FF-4089-84F2-A1AC2FA34782}.Debug|iPhone.Deploy.0 = Debug|iPhone
		{B528F292-C2FF-4089-84F2-A1AC2FA34782}.Debug|iPhoneSimulator.ActiveCfg = Debug|iPhoneSimulator
		{B528F292-C2FF-4089-84F2-A1AC2FA34782}.Debug|iPhoneSimulator.Build.0 = Debug|iPhoneSimulator
		{B528F292-C2FF-4089-84F2-A1AC2FA34782}.Debug|iPhoneSimulator.Deploy.0 = Debug|iPhoneSimulator
		{B528F292-C2FF-4089-84F2-A1AC2FA34782}.Debug|x64.ActiveCfg = Debug|iPhone
		{B528F292-C2FF-4089-84F2-A1AC2FA34782}.Debug|x86.ActiveCfg = Debug|iPhone
		{B528F292-C2FF-4089-84F2-A1AC2FA34782}.Release|Any CPU.ActiveCfg = Release|iPhone
		{B528F292-C2FF-4089-84F2-A1AC2FA34782}.Release|ARM.ActiveCfg = Release|iPhone
		{B528F292-C2FF-4089-84F2-A1AC2FA34782}.Release|iPhone.ActiveCfg = Release|iPhone
		{B528F292-C2FF-4089-84F2-A1AC2FA34782}.Release|iPhone.Build.0 = Release|iPhone
		{B528F292-C2FF-4089-84F2-A1AC2FA34782}.Release|iPhone.Deploy.0 = Release|iPhone
		{B528F292-C2FF-4089-84F2-A1AC2FA34782}.Release|iPhoneSimulator.ActiveCfg = Release|iPhoneSimulator
		{B528F292-C2FF-4089-84F2-A1AC2FA34782}.Release|iPhoneSimulator.Build.0 = Release|iPhoneSimulator
		{B528F292-C2FF-4089-84F2-A1AC2FA34782}.Release|x64.ActiveCfg = Release|iPhone
		{B528F292-C2FF-4089-84F2-A1AC2FA34782}.Release|x86.ActiveCfg = Release|iPhone
		{0604D1DC-CB3A-4859-B099-F3CEF42AA538}.Ad-Hoc|Any CPU.ActiveCfg = Release|Any CPU
		{0604D1DC-CB3A-4859-B099-F3CEF42AA538}.Ad-Hoc|Any CPU.Build.0 = Release|Any CPU
		{0604D1DC-CB3A-4859-B099-F3CEF42AA538}.Ad-Hoc|Any CPU.Deploy.0 = Release|Any CPU
		{0604D1DC-CB3A-4859-B099-F3CEF42AA538}.Ad-Hoc|ARM.ActiveCfg = Release|ARM
		{0604D1DC-CB3A-4859-B099-F3CEF42AA538}.Ad-Hoc|ARM.Build.0 = Release|ARM
		{0604D1DC-CB3A-4859-B099-F3CEF42AA538}.Ad-Hoc|ARM.Deploy.0 = Release|ARM
		{0604D1DC-CB3A-4859-B099-F3CEF42AA538}.Ad-Hoc|iPhone.ActiveCfg = Release|Any CPU
		{0604D1DC-CB3A-4859-B099-F3CEF42AA538}.Ad-Hoc|iPhone.Build.0 = Release|Any CPU
		{0604D1DC-CB3A-4859-B099-F3CEF42AA538}.Ad-Hoc|iPhone.Deploy.0 = Release|Any CPU
		{0604D1DC-CB3A-4859-B099-F3CEF42AA538}.Ad-Hoc|iPhoneSimulator.ActiveCfg = Release|Any CPU
		{0604D1DC-CB3A-4859-B099-F3CEF42AA538}.Ad-Hoc|iPhoneSimulator.Build.0 = Release|Any CPU
		{0604D1DC-CB3A-4859-B099-F3CEF42AA538}.Ad-Hoc|iPhoneSimulator.Deploy.0 = Release|Any CPU
		{0604D1DC-CB3A-4859-B099-F3CEF42AA538}.Ad-Hoc|x64.ActiveCfg = Release|Any CPU
		{0604D1DC-CB3A-4859-B099-F3CEF42AA538}.Ad-Hoc|x64.Build.0 = Release|Any CPU
		{0604D1DC-CB3A-4859-B099-F3CEF42AA538}.Ad-Hoc|x64.Deploy.0 = Release|Any CPU
		{0604D1DC-CB3A-4859-B099-F3CEF42AA538}.Ad-Hoc|x86.ActiveCfg = Release|x86
		{0604D1DC-CB3A-4859-B099-F3CEF42AA538}.Ad-Hoc|x86.Build.0 = Release|x86
		{0604D1DC-CB3A-4859-B099-F3CEF42AA538}.Ad-Hoc|x86.Deploy.0 = Release|x86
		{0604D1DC-CB3A-4859-B099-F3CEF42AA538}.AppStore|Any CPU.ActiveCfg = Release|Any CPU
		{0604D1DC-CB3A-4859-B099-F3CEF42AA538}.AppStore|Any CPU.Build.0 = Release|Any CPU
		{0604D1DC-CB3A-4859-B099-F3CEF42AA538}.AppStore|Any CPU.Deploy.0 = Release|Any CPU
		{0604D1DC-CB3A-4859-B099-F3CEF42AA538}.AppStore|ARM.ActiveCfg = Release|ARM
		{0604D1DC-CB3A-4859-B099-F3CEF42AA538}.AppStore|ARM.Build.0 = Release|ARM
		{0604D1DC-CB3A-4859-B099-F3CEF42AA538}.AppStore|ARM.Deploy.0 = Release|ARM
		{0604D1DC-CB3A-4859-B099-F3CEF42AA538}.AppStore|iPhone.ActiveCfg = Release|Any CPU
		{0604D1DC-CB3A-4859-B099-F3CEF42AA538}.AppStore|iPhone.Build.0 = Release|Any CPU
		{0604D1DC-CB3A-4859-B099-F3CEF42AA538}.AppStore|iPhone.Deploy.0 = Release|Any CPU
		{0604D1DC-CB3A-4859-B099-F3CEF42AA538}.AppStore|iPhoneSimulator.ActiveCfg = Release|Any CPU
		{0604D1DC-CB3A-4859-B099-F3CEF42AA538}.AppStore|iPhoneSimulator.Build.0 = Release|Any CPU
		{0604D1DC-CB3A-4859-B099-F3CEF42AA538}.AppStore|iPhoneSimulator.Deploy.0 = Release|Any CPU
		{0604D1DC-CB3A-4859-B099-F3CEF42AA538}.AppStore|x64.ActiveCfg = Release|Any CPU
		{0604D1DC-CB3A-4859-B099-F3CEF42AA538}.AppStore|x64.Build.0 = Release|Any CPU
		{0604D1DC-CB3A-4859-B099-F3CEF42AA538}.AppStore|x64.Deploy.0 = Release|Any CPU
		{0604D1DC-CB3A-4859-B099-F3CEF42AA538}.AppStore|x86.ActiveCfg = Release|x86
		{0604D1DC-CB3A-4859-B099-F3CEF42AA538}.AppStore|x86.Build.0 = Release|x86
		{0604D1DC-CB3A-4859-B099-F3CEF42AA538}.AppStore|x86.Deploy.0 = Release|x86
		{0604D1DC-CB3A-4859-B099-F3CEF42AA538}.Debug|Any CPU.ActiveCfg = Debug|Any CPU
		{0604D1DC-CB3A-4859-B099-F3CEF42AA538}.Debug|Any CPU.Build.0 = Debug|Any CPU
		{0604D1DC-CB3A-4859-B099-F3CEF42AA538}.Debug|Any CPU.Deploy.0 = Debug|Any CPU
		{0604D1DC-CB3A-4859-B099-F3CEF42AA538}.Debug|ARM.ActiveCfg = Debug|ARM
		{0604D1DC-CB3A-4859-B099-F3CEF42AA538}.Debug|ARM.Build.0 = Debug|ARM
		{0604D1DC-CB3A-4859-B099-F3CEF42AA538}.Debug|ARM.Deploy.0 = Debug|ARM
		{0604D1DC-CB3A-4859-B099-F3CEF42AA538}.Debug|iPhone.ActiveCfg = Debug|Any CPU
		{0604D1DC-CB3A-4859-B099-F3CEF42AA538}.Debug|iPhoneSimulator.ActiveCfg = Debug|Any CPU
		{0604D1DC-CB3A-4859-B099-F3CEF42AA538}.Debug|x64.ActiveCfg = Debug|Any CPU
		{0604D1DC-CB3A-4859-B099-F3CEF42AA538}.Debug|x64.Build.0 = Debug|Any CPU
		{0604D1DC-CB3A-4859-B099-F3CEF42AA538}.Debug|x64.Deploy.0 = Debug|Any CPU
		{0604D1DC-CB3A-4859-B099-F3CEF42AA538}.Debug|x86.ActiveCfg = Debug|x86
		{0604D1DC-CB3A-4859-B099-F3CEF42AA538}.Debug|x86.Build.0 = Debug|x86
		{0604D1DC-CB3A-4859-B099-F3CEF42AA538}.Debug|x86.Deploy.0 = Debug|x86
		{0604D1DC-CB3A-4859-B099-F3CEF42AA538}.Release|Any CPU.ActiveCfg = Release|Any CPU
		{0604D1DC-CB3A-4859-B099-F3CEF42AA538}.Release|Any CPU.Build.0 = Release|Any CPU
		{0604D1DC-CB3A-4859-B099-F3CEF42AA538}.Release|Any CPU.Deploy.0 = Release|Any CPU
		{0604D1DC-CB3A-4859-B099-F3CEF42AA538}.Release|ARM.ActiveCfg = Release|ARM
		{0604D1DC-CB3A-4859-B099-F3CEF42AA538}.Release|ARM.Build.0 = Release|ARM
		{0604D1DC-CB3A-4859-B099-F3CEF42AA538}.Release|ARM.Deploy.0 = Release|ARM
		{0604D1DC-CB3A-4859-B099-F3CEF42AA538}.Release|iPhone.ActiveCfg = Release|Any CPU
		{0604D1DC-CB3A-4859-B099-F3CEF42AA538}.Release|iPhone.Build.0 = Release|Any CPU
		{0604D1DC-CB3A-4859-B099-F3CEF42AA538}.Release|iPhone.Deploy.0 = Release|Any CPU
		{0604D1DC-CB3A-4859-B099-F3CEF42AA538}.Release|iPhoneSimulator.ActiveCfg = Release|Any CPU
		{0604D1DC-CB3A-4859-B099-F3CEF42AA538}.Release|iPhoneSimulator.Build.0 = Release|Any CPU
		{0604D1DC-CB3A-4859-B099-F3CEF42AA538}.Release|iPhoneSimulator.Deploy.0 = Release|Any CPU
		{0604D1DC-CB3A-4859-B099-F3CEF42AA538}.Release|x64.ActiveCfg = Release|Any CPU
		{0604D1DC-CB3A-4859-B099-F3CEF42AA538}.Release|x64.Build.0 = Release|Any CPU
		{0604D1DC-CB3A-4859-B099-F3CEF42AA538}.Release|x64.Deploy.0 = Release|Any CPU
		{0604D1DC-CB3A-4859-B099-F3CEF42AA538}.Release|x86.ActiveCfg = Release|x86
		{0604D1DC-CB3A-4859-B099-F3CEF42AA538}.Release|x86.Build.0 = Release|x86
		{0604D1DC-CB3A-4859-B099-F3CEF42AA538}.Release|x86.Deploy.0 = Release|x86
		{6A232C90-AAEA-4AC2-BF76-ADDBEC1DAB5B}.Ad-Hoc|Any CPU.ActiveCfg = Release|x86
		{6A232C90-AAEA-4AC2-BF76-ADDBEC1DAB5B}.Ad-Hoc|Any CPU.Build.0 = Release|x86
		{6A232C90-AAEA-4AC2-BF76-ADDBEC1DAB5B}.Ad-Hoc|Any CPU.Deploy.0 = Release|x86
		{6A232C90-AAEA-4AC2-BF76-ADDBEC1DAB5B}.Ad-Hoc|ARM.ActiveCfg = Release|ARM
		{6A232C90-AAEA-4AC2-BF76-ADDBEC1DAB5B}.Ad-Hoc|ARM.Build.0 = Release|ARM
		{6A232C90-AAEA-4AC2-BF76-ADDBEC1DAB5B}.Ad-Hoc|ARM.Deploy.0 = Release|ARM
		{6A232C90-AAEA-4AC2-BF76-ADDBEC1DAB5B}.Ad-Hoc|iPhone.ActiveCfg = Release|x86
		{6A232C90-AAEA-4AC2-BF76-ADDBEC1DAB5B}.Ad-Hoc|iPhone.Build.0 = Release|x86
		{6A232C90-AAEA-4AC2-BF76-ADDBEC1DAB5B}.Ad-Hoc|iPhone.Deploy.0 = Release|x86
		{6A232C90-AAEA-4AC2-BF76-ADDBEC1DAB5B}.Ad-Hoc|iPhoneSimulator.ActiveCfg = Release|x86
		{6A232C90-AAEA-4AC2-BF76-ADDBEC1DAB5B}.Ad-Hoc|iPhoneSimulator.Build.0 = Release|x86
		{6A232C90-AAEA-4AC2-BF76-ADDBEC1DAB5B}.Ad-Hoc|iPhoneSimulator.Deploy.0 = Release|x86
		{6A232C90-AAEA-4AC2-BF76-ADDBEC1DAB5B}.Ad-Hoc|x64.ActiveCfg = Release|x64
		{6A232C90-AAEA-4AC2-BF76-ADDBEC1DAB5B}.Ad-Hoc|x64.Build.0 = Release|x64
		{6A232C90-AAEA-4AC2-BF76-ADDBEC1DAB5B}.Ad-Hoc|x64.Deploy.0 = Release|x64
		{6A232C90-AAEA-4AC2-BF76-ADDBEC1DAB5B}.Ad-Hoc|x86.ActiveCfg = Release|x86
		{6A232C90-AAEA-4AC2-BF76-ADDBEC1DAB5B}.Ad-Hoc|x86.Build.0 = Release|x86
		{6A232C90-AAEA-4AC2-BF76-ADDBEC1DAB5B}.Ad-Hoc|x86.Deploy.0 = Release|x86
		{6A232C90-AAEA-4AC2-BF76-ADDBEC1DAB5B}.AppStore|Any CPU.ActiveCfg = Release|x86
		{6A232C90-AAEA-4AC2-BF76-ADDBEC1DAB5B}.AppStore|Any CPU.Build.0 = Release|x86
		{6A232C90-AAEA-4AC2-BF76-ADDBEC1DAB5B}.AppStore|Any CPU.Deploy.0 = Release|x86
		{6A232C90-AAEA-4AC2-BF76-ADDBEC1DAB5B}.AppStore|ARM.ActiveCfg = Release|ARM
		{6A232C90-AAEA-4AC2-BF76-ADDBEC1DAB5B}.AppStore|ARM.Build.0 = Release|ARM
		{6A232C90-AAEA-4AC2-BF76-ADDBEC1DAB5B}.AppStore|ARM.Deploy.0 = Release|ARM
		{6A232C90-AAEA-4AC2-BF76-ADDBEC1DAB5B}.AppStore|iPhone.ActiveCfg = Release|x86
		{6A232C90-AAEA-4AC2-BF76-ADDBEC1DAB5B}.AppStore|iPhone.Build.0 = Release|x86
		{6A232C90-AAEA-4AC2-BF76-ADDBEC1DAB5B}.AppStore|iPhone.Deploy.0 = Release|x86
		{6A232C90-AAEA-4AC2-BF76-ADDBEC1DAB5B}.AppStore|iPhoneSimulator.ActiveCfg = Release|x86
		{6A232C90-AAEA-4AC2-BF76-ADDBEC1DAB5B}.AppStore|iPhoneSimulator.Build.0 = Release|x86
		{6A232C90-AAEA-4AC2-BF76-ADDBEC1DAB5B}.AppStore|iPhoneSimulator.Deploy.0 = Release|x86
		{6A232C90-AAEA-4AC2-BF76-ADDBEC1DAB5B}.AppStore|x64.ActiveCfg = Release|x64
		{6A232C90-AAEA-4AC2-BF76-ADDBEC1DAB5B}.AppStore|x64.Build.0 = Release|x64
		{6A232C90-AAEA-4AC2-BF76-ADDBEC1DAB5B}.AppStore|x64.Deploy.0 = Release|x64
		{6A232C90-AAEA-4AC2-BF76-ADDBEC1DAB5B}.AppStore|x86.ActiveCfg = Release|x86
		{6A232C90-AAEA-4AC2-BF76-ADDBEC1DAB5B}.AppStore|x86.Build.0 = Release|x86
		{6A232C90-AAEA-4AC2-BF76-ADDBEC1DAB5B}.AppStore|x86.Deploy.0 = Release|x86
		{6A232C90-AAEA-4AC2-BF76-ADDBEC1DAB5B}.Debug|Any CPU.ActiveCfg = Debug|x86
		{6A232C90-AAEA-4AC2-BF76-ADDBEC1DAB5B}.Debug|ARM.ActiveCfg = Debug|ARM
		{6A232C90-AAEA-4AC2-BF76-ADDBEC1DAB5B}.Debug|ARM.Build.0 = Debug|ARM
		{6A232C90-AAEA-4AC2-BF76-ADDBEC1DAB5B}.Debug|ARM.Deploy.0 = Debug|ARM
		{6A232C90-AAEA-4AC2-BF76-ADDBEC1DAB5B}.Debug|iPhone.ActiveCfg = Debug|x86
		{6A232C90-AAEA-4AC2-BF76-ADDBEC1DAB5B}.Debug|iPhoneSimulator.ActiveCfg = Debug|x86
		{6A232C90-AAEA-4AC2-BF76-ADDBEC1DAB5B}.Debug|x64.ActiveCfg = Debug|x64
		{6A232C90-AAEA-4AC2-BF76-ADDBEC1DAB5B}.Debug|x64.Build.0 = Debug|x64
		{6A232C90-AAEA-4AC2-BF76-ADDBEC1DAB5B}.Debug|x64.Deploy.0 = Debug|x64
		{6A232C90-AAEA-4AC2-BF76-ADDBEC1DAB5B}.Debug|x86.ActiveCfg = Debug|x86
		{6A232C90-AAEA-4AC2-BF76-ADDBEC1DAB5B}.Debug|x86.Build.0 = Debug|x86
		{6A232C90-AAEA-4AC2-BF76-ADDBEC1DAB5B}.Debug|x86.Deploy.0 = Debug|x86
		{6A232C90-AAEA-4AC2-BF76-ADDBEC1DAB5B}.Release|Any CPU.ActiveCfg = Release|x86
		{6A232C90-AAEA-4AC2-BF76-ADDBEC1DAB5B}.Release|ARM.ActiveCfg = Release|ARM
		{6A232C90-AAEA-4AC2-BF76-ADDBEC1DAB5B}.Release|ARM.Build.0 = Release|ARM
		{6A232C90-AAEA-4AC2-BF76-ADDBEC1DAB5B}.Release|ARM.Deploy.0 = Release|ARM
		{6A232C90-AAEA-4AC2-BF76-ADDBEC1DAB5B}.Release|iPhone.ActiveCfg = Release|x86
		{6A232C90-AAEA-4AC2-BF76-ADDBEC1DAB5B}.Release|iPhoneSimulator.ActiveCfg = Release|x86
		{6A232C90-AAEA-4AC2-BF76-ADDBEC1DAB5B}.Release|x64.ActiveCfg = Release|x64
		{6A232C90-AAEA-4AC2-BF76-ADDBEC1DAB5B}.Release|x64.Build.0 = Release|x64
		{6A232C90-AAEA-4AC2-BF76-ADDBEC1DAB5B}.Release|x64.Deploy.0 = Release|x64
		{6A232C90-AAEA-4AC2-BF76-ADDBEC1DAB5B}.Release|x86.ActiveCfg = Release|x86
		{6A232C90-AAEA-4AC2-BF76-ADDBEC1DAB5B}.Release|x86.Build.0 = Release|x86
		{6A232C90-AAEA-4AC2-BF76-ADDBEC1DAB5B}.Release|x86.Deploy.0 = Release|x86
		{B917A4AA-2270-4C02-B307-4ED504EA9D54}.Ad-Hoc|Any CPU.ActiveCfg = Release|Any CPU
		{B917A4AA-2270-4C02-B307-4ED504EA9D54}.Ad-Hoc|Any CPU.Build.0 = Release|Any CPU
		{B917A4AA-2270-4C02-B307-4ED504EA9D54}.Ad-Hoc|Any CPU.Deploy.0 = Release|Any CPU
		{B917A4AA-2270-4C02-B307-4ED504EA9D54}.Ad-Hoc|ARM.ActiveCfg = Release|ARM
		{B917A4AA-2270-4C02-B307-4ED504EA9D54}.Ad-Hoc|ARM.Build.0 = Release|ARM
		{B917A4AA-2270-4C02-B307-4ED504EA9D54}.Ad-Hoc|ARM.Deploy.0 = Release|ARM
		{B917A4AA-2270-4C02-B307-4ED504EA9D54}.Ad-Hoc|iPhone.ActiveCfg = Release|Any CPU
		{B917A4AA-2270-4C02-B307-4ED504EA9D54}.Ad-Hoc|iPhone.Build.0 = Release|Any CPU
		{B917A4AA-2270-4C02-B307-4ED504EA9D54}.Ad-Hoc|iPhone.Deploy.0 = Release|Any CPU
		{B917A4AA-2270-4C02-B307-4ED504EA9D54}.Ad-Hoc|iPhoneSimulator.ActiveCfg = Release|Any CPU
		{B917A4AA-2270-4C02-B307-4ED504EA9D54}.Ad-Hoc|iPhoneSimulator.Build.0 = Release|Any CPU
		{B917A4AA-2270-4C02-B307-4ED504EA9D54}.Ad-Hoc|iPhoneSimulator.Deploy.0 = Release|Any CPU
		{B917A4AA-2270-4C02-B307-4ED504EA9D54}.Ad-Hoc|x64.ActiveCfg = Release|x64
		{B917A4AA-2270-4C02-B307-4ED504EA9D54}.Ad-Hoc|x64.Build.0 = Release|x64
		{B917A4AA-2270-4C02-B307-4ED504EA9D54}.Ad-Hoc|x64.Deploy.0 = Release|x64
		{B917A4AA-2270-4C02-B307-4ED504EA9D54}.Ad-Hoc|x86.ActiveCfg = Release|x86
		{B917A4AA-2270-4C02-B307-4ED504EA9D54}.Ad-Hoc|x86.Build.0 = Release|x86
		{B917A4AA-2270-4C02-B307-4ED504EA9D54}.Ad-Hoc|x86.Deploy.0 = Release|x86
		{B917A4AA-2270-4C02-B307-4ED504EA9D54}.AppStore|Any CPU.ActiveCfg = Release|Any CPU
		{B917A4AA-2270-4C02-B307-4ED504EA9D54}.AppStore|Any CPU.Build.0 = Release|Any CPU
		{B917A4AA-2270-4C02-B307-4ED504EA9D54}.AppStore|Any CPU.Deploy.0 = Release|Any CPU
		{B917A4AA-2270-4C02-B307-4ED504EA9D54}.AppStore|ARM.ActiveCfg = Release|ARM
		{B917A4AA-2270-4C02-B307-4ED504EA9D54}.AppStore|ARM.Build.0 = Release|ARM
		{B917A4AA-2270-4C02-B307-4ED504EA9D54}.AppStore|ARM.Deploy.0 = Release|ARM
		{B917A4AA-2270-4C02-B307-4ED504EA9D54}.AppStore|iPhone.ActiveCfg = Release|Any CPU
		{B917A4AA-2270-4C02-B307-4ED504EA9D54}.AppStore|iPhone.Build.0 = Release|Any CPU
		{B917A4AA-2270-4C02-B307-4ED504EA9D54}.AppStore|iPhone.Deploy.0 = Release|Any CPU
		{B917A4AA-2270-4C02-B307-4ED504EA9D54}.AppStore|iPhoneSimulator.ActiveCfg = Release|Any CPU
		{B917A4AA-2270-4C02-B307-4ED504EA9D54}.AppStore|iPhoneSimulator.Build.0 = Release|Any CPU
		{B917A4AA-2270-4C02-B307-4ED504EA9D54}.AppStore|iPhoneSimulator.Deploy.0 = Release|Any CPU
		{B917A4AA-2270-4C02-B307-4ED504EA9D54}.AppStore|x64.ActiveCfg = Release|x64
		{B917A4AA-2270-4C02-B307-4ED504EA9D54}.AppStore|x64.Build.0 = Release|x64
		{B917A4AA-2270-4C02-B307-4ED504EA9D54}.AppStore|x64.Deploy.0 = Release|x64
		{B917A4AA-2270-4C02-B307-4ED504EA9D54}.AppStore|x86.ActiveCfg = Release|x86
		{B917A4AA-2270-4C02-B307-4ED504EA9D54}.AppStore|x86.Build.0 = Release|x86
		{B917A4AA-2270-4C02-B307-4ED504EA9D54}.AppStore|x86.Deploy.0 = Release|x86
		{B917A4AA-2270-4C02-B307-4ED504EA9D54}.Debug|Any CPU.ActiveCfg = Debug|Any CPU
		{B917A4AA-2270-4C02-B307-4ED504EA9D54}.Debug|Any CPU.Build.0 = Debug|Any CPU
		{B917A4AA-2270-4C02-B307-4ED504EA9D54}.Debug|Any CPU.Deploy.0 = Debug|Any CPU
		{B917A4AA-2270-4C02-B307-4ED504EA9D54}.Debug|ARM.ActiveCfg = Debug|ARM
		{B917A4AA-2270-4C02-B307-4ED504EA9D54}.Debug|ARM.Build.0 = Debug|ARM
		{B917A4AA-2270-4C02-B307-4ED504EA9D54}.Debug|ARM.Deploy.0 = Debug|ARM
		{B917A4AA-2270-4C02-B307-4ED504EA9D54}.Debug|iPhone.ActiveCfg = Debug|Any CPU
		{B917A4AA-2270-4C02-B307-4ED504EA9D54}.Debug|iPhoneSimulator.ActiveCfg = Debug|Any CPU
		{B917A4AA-2270-4C02-B307-4ED504EA9D54}.Debug|x64.ActiveCfg = Debug|x64
		{B917A4AA-2270-4C02-B307-4ED504EA9D54}.Debug|x64.Build.0 = Debug|x64
		{B917A4AA-2270-4C02-B307-4ED504EA9D54}.Debug|x64.Deploy.0 = Debug|x64
		{B917A4AA-2270-4C02-B307-4ED504EA9D54}.Debug|x86.ActiveCfg = Debug|x86
		{B917A4AA-2270-4C02-B307-4ED504EA9D54}.Debug|x86.Build.0 = Debug|x86
		{B917A4AA-2270-4C02-B307-4ED504EA9D54}.Debug|x86.Deploy.0 = Debug|x86
		{B917A4AA-2270-4C02-B307-4ED504EA9D54}.Release|Any CPU.ActiveCfg = Release|Any CPU
		{B917A4AA-2270-4C02-B307-4ED504EA9D54}.Release|Any CPU.Build.0 = Release|Any CPU
		{B917A4AA-2270-4C02-B307-4ED504EA9D54}.Release|Any CPU.Deploy.0 = Release|Any CPU
		{B917A4AA-2270-4C02-B307-4ED504EA9D54}.Release|ARM.ActiveCfg = Release|ARM
		{B917A4AA-2270-4C02-B307-4ED504EA9D54}.Release|ARM.Build.0 = Release|ARM
		{B917A4AA-2270-4C02-B307-4ED504EA9D54}.Release|ARM.Deploy.0 = Release|ARM
		{B917A4AA-2270-4C02-B307-4ED504EA9D54}.Release|iPhone.ActiveCfg = Release|Any CPU
		{B917A4AA-2270-4C02-B307-4ED504EA9D54}.Release|iPhone.Build.0 = Release|Any CPU
		{B917A4AA-2270-4C02-B307-4ED504EA9D54}.Release|iPhone.Deploy.0 = Release|Any CPU
		{B917A4AA-2270-4C02-B307-4ED504EA9D54}.Release|iPhoneSimulator.ActiveCfg = Release|Any CPU
		{B917A4AA-2270-4C02-B307-4ED504EA9D54}.Release|iPhoneSimulator.Build.0 = Release|Any CPU
		{B917A4AA-2270-4C02-B307-4ED504EA9D54}.Release|iPhoneSimulator.Deploy.0 = Release|Any CPU
		{B917A4AA-2270-4C02-B307-4ED504EA9D54}.Release|x64.ActiveCfg = Release|x64
		{B917A4AA-2270-4C02-B307-4ED504EA9D54}.Release|x64.Build.0 = Release|x64
		{B917A4AA-2270-4C02-B307-4ED504EA9D54}.Release|x64.Deploy.0 = Release|x64
		{B917A4AA-2270-4C02-B307-4ED504EA9D54}.Release|x86.ActiveCfg = Release|x86
		{B917A4AA-2270-4C02-B307-4ED504EA9D54}.Release|x86.Build.0 = Release|x86
		{B917A4AA-2270-4C02-B307-4ED504EA9D54}.Release|x86.Deploy.0 = Release|x86
	EndGlobalSection
	GlobalSection(SolutionProperties) = preSolution
		HideSolutionNode = FALSE
	EndGlobalSection
EndGlobal
